[root]
name = "cute"
version = "0.1.0"
dependencies = [
 "futures 0.1.13 (registry+https://github.com/rust-lang/crates.io-index)",
]

[[package]]
name = "futures"
version = "0.1.13"
source = "registry+https://github.com/rust-lang/crates.io-index"

[metadata]
"checksum futures 0.1.13 (registry+https://github.com/rust-lang/crates.io-index)" = "55f0008e13fc853f79ea8fc86e931486860d4c4c156cdffb59fa5f7fa833660a"
